// !$*UTF8*$!
{
	archiveVersion = 1;
	classes = {
	};
	objectVersion = 50;
	objects = {

/* Begin PBXBuildFile section */
		07A5B68924D1ABAA0096325C /* AppDelegate.swift in Sources */ = {isa = PBXBuildFile; fileRef = 07A5B68824D1ABAA0096325C /* AppDelegate.swift */; };
		07A5B68B24D1ABAA0096325C /* SceneDelegate.swift in Sources */ = {isa = PBXBuildFile; fileRef = 07A5B68A24D1ABAA0096325C /* SceneDelegate.swift */; };
		07A5B68D24D1ABAA0096325C /* ViewController.swift in Sources */ = {isa = PBXBuildFile; fileRef = 07A5B68C24D1ABAA0096325C /* ViewController.swift */; };
		07A5B69024D1ABAA0096325C /* Main.storyboard in Resources */ = {isa = PBXBuildFile; fileRef = 07A5B68E24D1ABAA0096325C /* Main.storyboard */; };
		07A5B69324D1ABAA0096325C /* experiment.xcdatamodeld in Sources */ = {isa = PBXBuildFile; fileRef = 07A5B69124D1ABAA0096325C /* experiment.xcdatamodeld */; };
		07A5B69524D1ABAF0096325C /* Assets.xcassets in Resources */ = {isa = PBXBuildFile; fileRef = 07A5B69424D1ABAF0096325C /* Assets.xcassets */; };
		07A5B69824D1ABAF0096325C /* LaunchScreen.storyboard in Resources */ = {isa = PBXBuildFile; fileRef = 07A5B69624D1ABAF0096325C /* LaunchScreen.storyboard */; };
		07A5B6A324D1ABB00096325C /* experimentTests.swift in Sources */ = {isa = PBXBuildFile; fileRef = 07A5B6A224D1ABB00096325C /* experimentTests.swift */; };
		07A5B6AE24D1ABB00096325C /* experimentUITests.swift in Sources */ = {isa = PBXBuildFile; fileRef = 07A5B6AD24D1ABB00096325C /* experimentUITests.swift */; };
/* End PBXBuildFile section */

/* Begin PBXContainerItemProxy section */
		07A5B69F24D1ABB00096325C /* PBXContainerItemProxy */ = {
			isa = PBXContainerItemProxy;
			containerPortal = 07A5B67D24D1ABA90096325C /* Project object */;
			proxyType = 1;
			remoteGlobalIDString = 07A5B68424D1ABAA0096325C;
			remoteInfo = experiment;
		};
		07A5B6AA24D1ABB00096325C /* PBXContainerItemProxy */ = {
			isa = PBXContainerItemProxy;
			containerPortal = 07A5B67D24D1ABA90096325C /* Project object */;
			proxyType = 1;
			remoteGlobalIDString = 07A5B68424D1ABAA0096325C;
			remoteInfo = experiment;
		};
/* End PBXContainerItemProxy section */

/* Begin PBXFileReference section */
		07A5B68524D1ABAA0096325C /* experiment.app */ = {isa = PBXFileReference; explicitFileType = wrapper.application; includeInIndex = 0; path = experiment.app; sourceTree = BUILT_PRODUCTS_DIR; };
		07A5B68824D1ABAA0096325C /* AppDelegate.swift */ = {isa = PBXFileReference; lastKnownFileType = sourcecode.swift; path = AppDelegate.swift; sourceTree = "<group>"; };
		07A5B68A24D1ABAA0096325C /* SceneDelegate.swift */ = {isa = PBXFileReference; lastKnownFileType = sourcecode.swift; path = SceneDelegate.swift; sourceTree = "<group>"; };
		07A5B68C24D1ABAA0096325C /* ViewController.swift */ = {isa = PBXFileReference; lastKnownFileType = sourcecode.swift; path = ViewController.swift; sourceTree = "<group>"; };
		07A5B68F24D1ABAA0096325C /* Base */ = {isa = PBXFileReference; lastKnownFileType = file.storyboard; name = Base; path = Base.lproj/Main.storyboard; sourceTree = "<group>"; };
		07A5B69224D1ABAA0096325C /* experiment.xcdatamodel */ = {isa = PBXFileReference; lastKnownFileType = wrapper.xcdatamodel; path = experiment.xcdatamodel; sourceTree = "<group>"; };
		07A5B69424D1ABAF0096325C /* Assets.xcassets */ = {isa = PBXFileReference; lastKnownFileType = folder.assetcatalog; path = Assets.xcassets; sourceTree = "<group>"; };
		07A5B69724D1ABAF0096325C /* Base */ = {isa = PBXFileReference; lastKnownFileType = file.storyboard; name = Base; path = Base.lproj/LaunchScreen.storyboard; sourceTree = "<group>"; };
		07A5B69924D1ABAF0096325C /* Info.plist */ = {isa = PBXFileReference; lastKnownFileType = text.plist.xml; path = Info.plist; sourceTree = "<group>"; };
		07A5B69E24D1ABB00096325C /* experimentTests.xctest */ = {isa = PBXFileReference; explicitFileType = wrapper.cfbundle; includeInIndex = 0; path = experimentTests.xctest; sourceTree = BUILT_PRODUCTS_DIR; };
		07A5B6A224D1ABB00096325C /* experimentTests.swift */ = {isa = PBXFileReference; lastKnownFileType = sourcecode.swift; path = experimentTests.swift; sourceTree = "<group>"; };
		07A5B6A424D1ABB00096325C /* Info.plist */ = {isa = PBXFileReference; lastKnownFileType = text.plist.xml; path = Info.plist; sourceTree = "<group>"; };
		07A5B6A924D1ABB00096325C /* experimentUITests.xctest */ = {isa = PBXFileReference; explicitFileType = wrapper.cfbundle; includeInIndex = 0; path = experimentUITests.xctest; sourceTree = BUILT_PRODUCTS_DIR; };
		07A5B6AD24D1ABB00096325C /* experimentUITests.swift */ = {isa = PBXFileReference; lastKnownFileType = sourcecode.swift; path = experimentUITests.swift; sourceTree = "<group>"; };
		07A5B6AF24D1ABB00096325C /* Info.plist */ = {isa = PBXFileReference; lastKnownFileType = text.plist.xml; path = Info.plist; sourceTree = "<group>"; };
/* End PBXFileReference section */

/* Begin PBXFrameworksBuildPhase section */
		07A5B68224D1ABAA0096325C /* Frameworks */ = {
			isa = PBXFrameworksBuildPhase;
			buildActionMask = 2147483647;
			files = (
			);
			runOnlyForDeploymentPostprocessing = 0;
		};
		07A5B69B24D1ABB00096325C /* Frameworks */ = {
			isa = PBXFrameworksBuildPhase;
			buildActionMask = 2147483647;
			files = (
			);
			runOnlyForDeploymentPostprocessing = 0;
		};
		07A5B6A624D1ABB00096325C /* Frameworks */ = {
			isa = PBXFrameworksBuildPhase;
			buildActionMask = 2147483647;
			files = (
			);
			runOnlyForDeploymentPostprocessing = 0;
		};
/* End PBXFrameworksBuildPhase section */

/* Begin PBXGroup section */
		07A5B67C24D1ABA90096325C = {
			isa = PBXGroup;
			children = (
				07A5B68724D1ABAA0096325C /* experiment */,
				07A5B6A124D1ABB00096325C /* experimentTests */,
				07A5B6AC24D1ABB00096325C /* experimentUITests */,
				07A5B68624D1ABAA0096325C /* Products */,
			);
			sourceTree = "<group>";
		};
		07A5B68624D1ABAA0096325C /* Products */ = {
			isa = PBXGroup;
			children = (
				07A5B68524D1ABAA0096325C /* experiment.app */,
				07A5B69E24D1ABB00096325C /* experimentTests.xctest */,
				07A5B6A924D1ABB00096325C /* experimentUITests.xctest */,
			);
			name = Products;
			sourceTree = "<group>";
		};
		07A5B68724D1ABAA0096325C /* experiment */ = {
			isa = PBXGroup;
			children = (
				07A5B68824D1ABAA0096325C /* AppDelegate.swift */,
				07A5B68A24D1ABAA0096325C /* SceneDelegate.swift */,
				07A5B68C24D1ABAA0096325C /* ViewController.swift */,
				07A5B68E24D1ABAA0096325C /* Main.storyboard */,
				07A5B69424D1ABAF0096325C /* Assets.xcassets */,
				07A5B69624D1ABAF0096325C /* LaunchScreen.storyboard */,
				07A5B69924D1ABAF0096325C /* Info.plist */,
				07A5B69124D1ABAA0096325C /* experiment.xcdatamodeld */,
			);
			path = experiment;
			sourceTree = "<group>";
		};
		07A5B6A124D1ABB00096325C /* experimentTests */ = {
			isa = PBXGroup;
			children = (
				07A5B6A224D1ABB00096325C /* experimentTests.swift */,
				07A5B6A424D1ABB00096325C /* Info.plist */,
			);
			path = experimentTests;
			sourceTree = "<group>";
		};
		07A5B6AC24D1ABB00096325C /* experimentUITests */ = {
			isa = PBXGroup;
			children = (
				07A5B6AD24D1ABB00096325C /* experimentUITests.swift */,
				07A5B6AF24D1ABB00096325C /* Info.plist */,
			);
			path = experimentUITests;
			sourceTree = "<group>";
		};
/* End PBXGroup section */

/* Begin PBXNativeTarget section */
		07A5B68424D1ABAA0096325C /* experiment */ = {
			isa = PBXNativeTarget;
			buildConfigurationList = 07A5B6B224D1ABB00096325C /* Build configuration list for PBXNativeTarget "experiment" */;
			buildPhases = (
				07A5B68124D1ABAA0096325C /* Sources */,
				07A5B68224D1ABAA0096325C /* Frameworks */,
				07A5B68324D1ABAA0096325C /* Resources */,
			);
			buildRules = (
			);
			dependencies = (
			);
			name = experiment;
			productName = experiment;
			productReference = 07A5B68524D1ABAA0096325C /* experiment.app */;
			productType = "com.apple.product-type.application";
		};
		07A5B69D24D1ABB00096325C /* experimentTests */ = {
			isa = PBXNativeTarget;
			buildConfigurationList = 07A5B6B524D1ABB00096325C /* Build configuration list for PBXNativeTarget "experimentTests" */;
			buildPhases = (
				07A5B69A24D1ABB00096325C /* Sources */,
				07A5B69B24D1ABB00096325C /* Frameworks */,
				07A5B69C24D1ABB00096325C /* Resources */,
			);
			buildRules = (
			);
			dependencies = (
				07A5B6A024D1ABB00096325C /* PBXTargetDependency */,
			);
			name = experimentTests;
			productName = experimentTests;
			productReference = 07A5B69E24D1ABB00096325C /* experimentTests.xctest */;
			productType = "com.apple.product-type.bundle.unit-test";
		};
		07A5B6A824D1ABB00096325C /* experimentUITests */ = {
			isa = PBXNativeTarget;
			buildConfigurationList = 07A5B6B824D1ABB00096325C /* Build configuration list for PBXNativeTarget "experimentUITests" */;
			buildPhases = (
				07A5B6A524D1ABB00096325C /* Sources */,
				07A5B6A624D1ABB00096325C /* Frameworks */,
				07A5B6A724D1ABB00096325C /* Resources */,
			);
			buildRules = (
			);
			dependencies = (
				07A5B6AB24D1ABB00096325C /* PBXTargetDependency */,
			);
			name = experimentUITests;
			productName = experimentUITests;
			productReference = 07A5B6A924D1ABB00096325C /* experimentUITests.xctest */;
			productType = "com.apple.product-type.bundle.ui-testing";
		};
/* End PBXNativeTarget section */

/* Begin PBXProject section */
		07A5B67D24D1ABA90096325C /* Project object */ = {
			isa = PBXProject;
			attributes = {
				LastSwiftUpdateCheck = 1160;
				LastUpgradeCheck = 1160;
				ORGANIZATIONNAME = chin;
				TargetAttributes = {
					07A5B68424D1ABAA0096325C = {
						CreatedOnToolsVersion = 11.6;
					};
					07A5B69D24D1ABB00096325C = {
						CreatedOnToolsVersion = 11.6;
						TestTargetID = 07A5B68424D1ABAA0096325C;
					};
					07A5B6A824D1ABB00096325C = {
						CreatedOnToolsVersion = 11.6;
						TestTargetID = 07A5B68424D1ABAA0096325C;
					};
				};
			};
			buildConfigurationList = 07A5B68024D1ABA90096325C /* Build configuration list for PBXProject "experiment" */;
			compatibilityVersion = "Xcode 9.3";
			developmentRegion = en;
			hasScannedForEncodings = 0;
			knownRegions = (
				en,
				Base,
			);
			mainGroup = 07A5B67C24D1ABA90096325C;
			productRefGroup = 07A5B68624D1ABAA0096325C /* Products */;
			projectDirPath = "";
			projectRoot = "";
			targets = (
				07A5B68424D1ABAA0096325C /* experiment */,
				07A5B69D24D1ABB00096325C /* experimentTests */,
				07A5B6A824D1ABB00096325C /* experimentUITests */,
			);
		};
/* End PBXProject section */

/* Begin PBXResourcesBuildPhase section */
		07A5B68324D1ABAA0096325C /* Resources */ = {
			isa = PBXResourcesBuildPhase;
			buildActionMask = 2147483647;
			files = (
				07A5B69824D1ABAF0096325C /* LaunchScreen.storyboard in Resources */,
				07A5B69524D1ABAF0096325C /* Assets.xcassets in Resources */,
				07A5B69024D1ABAA0096325C /* Main.storyboard in Resources */,
			);
			runOnlyForDeploymentPostprocessing = 0;
		};
		07A5B69C24D1ABB00096325C /* Resources */ = {
			isa = PBXResourcesBuildPhase;
			buildActionMask = 2147483647;
			files = (
			);
			runOnlyForDeploymentPostprocessing = 0;
		};
		07A5B6A724D1ABB00096325C /* Resources */ = {
			isa = PBXResourcesBuildPhase;
			buildActionMask = 2147483647;
			files = (
			);
			runOnlyForDeploymentPostprocessing = 0;
		};
/* End PBXResourcesBuildPhase section */

/* Begin PBXSourcesBuildPhase section */
		07A5B68124D1ABAA0096325C /* Sources */ = {
			isa = PBXSourcesBuildPhase;
			buildActionMask = 2147483647;
			files = (
				07A5B69324D1ABAA0096325C /* experiment.xcdatamodeld in Sources */,
				07A5B68D24D1ABAA0096325C /* ViewController.swift in Sources */,
				07A5B68924D1ABAA0096325C /* AppDelegate.swift in Sources */,
				07A5B68B24D1ABAA0096325C /* SceneDelegate.swift in Sources */,
			);
			runOnlyForDeploymentPostprocessing = 0;
		};
		07A5B69A24D1ABB00096325C /* Sources */ = {
			isa = PBXSourcesBuildPhase;
			buildActionMask = 2147483647;
			files = (
				07A5B6A324D1ABB00096325C /* experimentTests.swift in Sources */,
			);
			runOnlyForDeploymentPostprocessing = 0;
		};
		07A5B6A524D1ABB00096325C /* Sources */ = {
			isa = PBXSourcesBuildPhase;
			buildActionMask = 2147483647;
			files = (
				07A5B6AE24D1ABB00096325C /* experimentUITests.swift in Sources */,
			);
			runOnlyForDeploymentPostprocessing = 0;
		};
/* End PBXSourcesBuildPhase section */

/* Begin PBXTargetDependency section */
		07A5B6A024D1ABB00096325C /* PBXTargetDependency */ = {
			isa = PBXTargetDependency;
			target = 07A5B68424D1ABAA0096325C /* experiment */;
			targetProxy = 07A5B69F24D1ABB00096325C /* PBXContainerItemProxy */;
		};
		07A5B6AB24D1ABB00096325C /* PBXTargetDependency */ = {
			isa = PBXTargetDependency;
			target = 07A5B68424D1ABAA0096325C /* experiment */;
			targetProxy = 07A5B6AA24D1ABB00096325C /* PBXContainerItemProxy */;
		};
/* End PBXTargetDependency section */

/* Begin PBXVariantGroup section */
		07A5B68E24D1ABAA0096325C /* Main.storyboard */ = {
			isa = PBXVariantGroup;
			children = (
				07A5B68F24D1ABAA0096325C /* Base */,
			);
			name = Main.storyboard;
			sourceTree = "<group>";
		};
		07A5B69624D1ABAF0096325C /* LaunchScreen.storyboard */ = {
			isa = PBXVariantGroup;
			children = (
				07A5B69724D1ABAF0096325C /* Base */,
			);
			name = LaunchScreen.storyboard;
			sourceTree = "<group>";
		};
/* End PBXVariantGroup section */

/* Begin XCBuildConfiguration section */
		07A5B6B024D1ABB00096325C /* Debug */ = {
			isa = XCBuildConfiguration;
			buildSettings = {
				ALWAYS_SEARCH_USER_PATHS = NO;
				CLANG_ANALYZER_NONNULL = YES;
				CLANG_ANALYZER_NUMBER_OBJECT_CONVERSION = YES_AGGRESSIVE;
				CLANG_CXX_LANGUAGE_STANDARD = "gnu++14";
				CLANG_CXX_LIBRARY = "libc++";
				CLANG_ENABLE_MODULES = YES;
				CLANG_ENABLE_OBJC_ARC = YES;
				CLANG_ENABLE_OBJC_WEAK = YES;
				CLANG_WARN_BLOCK_CAPTURE_AUTORELEASING = YES;
				CLANG_WARN_BOOL_CONVERSION = YES;
				CLANG_WARN_COMMA = YES;
				CLANG_WARN_CONSTANT_CONVERSION = YES;
				CLANG_WARN_DEPRECATED_OBJC_IMPLEMENTATIONS = YES;
				CLANG_WARN_DIRECT_OBJC_ISA_USAGE = YES_ERROR;
				CLANG_WARN_DOCUMENTATION_COMMENTS = YES;
				CLANG_WARN_EMPTY_BODY = YES;
				CLANG_WARN_ENUM_CONVERSION = YES;
				CLANG_WARN_INFINITE_RECURSION = YES;
				CLANG_WARN_INT_CONVERSION = YES;
				CLANG_WARN_NON_LITERAL_NULL_CONVERSION = YES;
				CLANG_WARN_OBJC_IMPLICIT_RETAIN_SELF = YES;
				CLANG_WARN_OBJC_LITERAL_CONVERSION = YES;
				CLANG_WARN_OBJC_ROOT_CLASS = YES_ERROR;
				CLANG_WARN_RANGE_LOOP_ANALYSIS = YES;
				CLANG_WARN_STRICT_PROTOTYPES = YES;
				CLANG_WARN_SUSPICIOUS_MOVE = YES;
				CLANG_WARN_UNGUARDED_AVAILABILITY = YES_AGGRESSIVE;
				CLANG_WARN_UNREACHABLE_CODE = YES;
				CLANG_WARN__DUPLICATE_METHOD_MATCH = YES;
				COPY_PHASE_STRIP = NO;
				DEBUG_INFORMATION_FORMAT = dwarf;
				ENABLE_STRICT_OBJC_MSGSEND = YES;
				ENABLE_TESTABILITY = YES;
				GCC_C_LANGUAGE_STANDARD = gnu11;
				GCC_DYNAMIC_NO_PIC = NO;
				GCC_NO_COMMON_BLOCKS = YES;
				GCC_OPTIMIZATION_LEVEL = 0;
				GCC_PREPROCESSOR_DEFINITIONS = (
					"DEBUG=1",
					"$(inherited)",
				);
				GCC_WARN_64_TO_32_BIT_CONVERSION = YES;
				GCC_WARN_ABOUT_RETURN_TYPE = YES_ERROR;
				GCC_WARN_UNDECLARED_SELECTOR = YES;
				GCC_WARN_UNINITIALIZED_AUTOS = YES_AGGRESSIVE;
				GCC_WARN_UNUSED_FUNCTION = YES;
				GCC_WARN_UNUSED_VARIABLE = YES;
				IPHONEOS_DEPLOYMENT_TARGET = 13.6;
				MTL_ENABLE_DEBUG_INFO = INCLUDE_SOURCE;
				MTL_FAST_MATH = YES;
				ONLY_ACTIVE_ARCH = YES;
				SDKROOT = iphoneos;
				SWIFT_ACTIVE_COMPILATION_CONDITIONS = DEBUG;
				SWIFT_OPTIMIZATION_LEVEL = "-Onone";
			};
			name = Debug;
		};
		07A5B6B124D1ABB00096325C /* Release */ = {
			isa = XCBuildConfiguration;
			buildSettings = {
				ALWAYS_SEARCH_USER_PATHS = NO;
				CLANG_ANALYZER_NONNULL = YES;
				CLANG_ANALYZER_NUMBER_OBJECT_CONVERSION = YES_AGGRESSIVE;
				CLANG_CXX_LANGUAGE_STANDARD = "gnu++14";
				CLANG_CXX_LIBRARY = "libc++";
				CLANG_ENABLE_MODULES = YES;
				CLANG_ENABLE_OBJC_ARC = YES;
				CLANG_ENABLE_OBJC_WEAK = YES;
				CLANG_WARN_BLOCK_CAPTURE_AUTORELEASING = YES;
				CLANG_WARN_BOOL_CONVERSION = YES;
				CLANG_WARN_COMMA = YES;
				CLANG_WARN_CONSTANT_CONVERSION = YES;
				CLANG_WARN_DEPRECATED_OBJC_IMPLEMENTATIONS = YES;
				CLANG_WARN_DIRECT_OBJC_ISA_USAGE = YES_ERROR;
				CLANG_WARN_DOCUMENTATION_COMMENTS = YES;
				CLANG_WARN_EMPTY_BODY = YES;
				CLANG_WARN_ENUM_CONVERSION = YES;
				CLANG_WARN_INFINITE_RECURSION = YES;
				CLANG_WARN_INT_CONVERSION = YES;
				CLANG_WARN_NON_LITERAL_NULL_CONVERSION = YES;
				CLANG_WARN_OBJC_IMPLICIT_RETAIN_SELF = YES;
				CLANG_WARN_OBJC_LITERAL_CONVERSION = YES;
				CLANG_WARN_OBJC_ROOT_CLASS = YES_ERROR;
				CLANG_WARN_RANGE_LOOP_ANALYSIS = YES;
				CLANG_WARN_STRICT_PROTOTYPES = YES;
				CLANG_WARN_SUSPICIOUS_MOVE = YES;
				CLANG_WARN_UNGUARDED_AVAILABILITY = YES_AGGRESSIVE;
				CLANG_WARN_UNREACHABLE_CODE = YES;
				CLANG_WARN__DUPLICATE_METHOD_MATCH = YES;
				COPY_PHASE_STRIP = NO;
				DEBUG_INFORMATION_FORMAT = "dwarf-with-dsym";
				ENABLE_NS_ASSERTIONS = NO;
				ENABLE_STRICT_OBJC_MSGSEND = YES;
				GCC_C_LANGUAGE_STANDARD = gnu11;
				GCC_NO_COMMON_BLOCKS = YES;
				GCC_WARN_64_TO_32_BIT_CONVERSION = YES;
				GCC_WARN_ABOUT_RETURN_TYPE = YES_ERROR;
				GCC_WARN_UNDECLARED_SELECTOR = YES;
				GCC_WARN_UNINITIALIZED_AUTOS = YES_AGGRESSIVE;
				GCC_WARN_UNUSED_FUNCTION = YES;
				GCC_WARN_UNUSED_VARIABLE = YES;
				IPHONEOS_DEPLOYMENT_TARGET = 13.6;
				MTL_ENABLE_DEBUG_INFO = NO;
				MTL_FAST_MATH = YES;
				SDKROOT = iphoneos;
				SWIFT_COMPILATION_MODE = wholemodule;
				SWIFT_OPTIMIZATION_LEVEL = "-O";
				VALIDATE_PRODUCT = YES;
			};
			name = Release;
		};
		07A5B6B324D1ABB00096325C /* Debug */ = {
			isa = XCBuildConfiguration;
			buildSettings = {
				ASSETCATALOG_COMPILER_APPICON_NAME = AppIcon;
				CODE_SIGN_STYLE = Automatic;
				DEVELOPMENT_TEAM = Y464VY92ZM;
				INFOPLIST_FILE = experiment/Info.plist;
				LD_RUNPATH_SEARCH_PATHS = (
					"$(inherited)",
					"@executable_path/Frameworks",
				);
				PRODUCT_BUNDLE_IDENTIFIER = chin.experiment;
				PRODUCT_NAME = "$(TARGET_NAME)";
				SWIFT_VERSION = 5.0;
				TARGETED_DEVICE_FAMILY = "1,2";
			};
			name = Debug;
		};
		07A5B6B424D1ABB00096325C /* Release */ = {
			isa = XCBuildConfiguration;
			buildSettings = {
				ASSETCATALOG_COMPILER_APPICON_NAME = AppIcon;
				CODE_SIGN_STYLE = Automatic;
				DEVELOPMENT_TEAM = Y464VY92ZM;
				INFOPLIST_FILE = experiment/Info.plist;
				LD_RUNPATH_SEARCH_PATHS = (
					"$(inherited)",
					"@executable_path/Frameworks",
				);
				PRODUCT_BUNDLE_IDENTIFIER = chin.experiment;
				PRODUCT_NAME = "$(TARGET_NAME)";
				SWIFT_VERSION = 5.0;
				TARGETED_DEVICE_FAMILY = "1,2";
			};
			name = Release;
		};
		07A5B6B624D1ABB00096325C /* Debug */ = {
			isa = XCBuildConfiguration;
			buildSettings = {
				ALWAYS_EMBED_SWIFT_STANDARD_LIBRARIES = YES;
				BUNDLE_LOADER = "$(TEST_HOST)";
				CODE_SIGN_STYLE = Automatic;
				DEVELOPMENT_TEAM = Y464VY92ZM;
				INFOPLIST_FILE = experimentTests/Info.plist;
				IPHONEOS_DEPLOYMENT_TARGET = 13.6;
				LD_RUNPATH_SEARCH_PATHS = (
					"$(inherited)",
					"@executable_path/Frameworks",
					"@loader_path/Frameworks",
				);
				PRODUCT_BUNDLE_IDENTIFIER = chin.experimentTests;
				PRODUCT_NAME = "$(TARGET_NAME)";
				SWIFT_VERSION = 5.0;
				TARGETED_DEVICE_FAMILY = "1,2";
				TEST_HOST = "$(BUILT_PRODUCTS_DIR)/experiment.app/experiment";
			};
			name = Debug;
		};
		07A5B6B724D1ABB00096325C /* Release */ = {
			isa = XCBuildConfiguration;
			buildSettings = {
				ALWAYS_EMBED_SWIFT_STANDARD_LIBRARIES = YES;
				BUNDLE_LOADER = "$(TEST_HOST)";
				CODE_SIGN_STYLE = Automatic;
				DEVELOPMENT_TEAM = Y464VY92ZM;
				INFOPLIST_FILE = experimentTests/Info.plist;
				IPHONEOS_DEPLOYMENT_TARGET = 13.6;
				LD_RUNPATH_SEARCH_PATHS = (
					"$(inherited)",
					"@executable_path/Frameworks",
					"@loader_path/Frameworks",
				);
				PRODUCT_BUNDLE_IDENTIFIER = chin.experimentTests;
				PRODUCT_NAME = "$(TARGET_NAME)";
				SWIFT_VERSION = 5.0;
				TARGETED_DEVICE_FAMILY = "1,2";
				TEST_HOST = "$(BUILT_PRODUCTS_DIR)/experiment.app/experiment";
			};
			name = Release;
		};
		07A5B6B924D1ABB00096325C /* Debug */ = {
			isa = XCBuildConfiguration;
			buildSettings = {
				ALWAYS_EMBED_SWIFT_STANDARD_LIBRARIES = YES;
				CODE_SIGN_STYLE = Automatic;
				DEVELOPMENT_TEAM = Y464VY92ZM;
				INFOPLIST_FILE = experimentUITests/Info.plist;
				LD_RUNPATH_SEARCH_PATHS = (
					"$(inherited)",
					"@executable_path/Frameworks",
					"@loader_path/Frameworks",
				);
				PRODUCT_BUNDLE_IDENTIFIER = chin.experimentUITests;
				PRODUCT_NAME = "$(TARGET_NAME)";
				SWIFT_VERSION = 5.0;
				TARGETED_DEVICE_FAMILY = "1,2";
				TEST_TARGET_NAME = experiment;
			};
			name = Debug;
		};
		07A5B6BA24D1ABB00096325C /* Release */ = {
			isa = XCBuildConfiguration;
			buildSettings = {
				ALWAYS_EMBED_SWIFT_STANDARD_LIBRARIES = YES;
				CODE_SIGN_STYLE = Automatic;
				DEVELOPMENT_TEAM = Y464VY92ZM;
				INFOPLIST_FILE = experimentUITests/Info.plist;
				LD_RUNPATH_SEARCH_PATHS = (
					"$(inherited)",
					"@executable_path/Frameworks",
					"@loader_path/Frameworks",
				);
				PRODUCT_BUNDLE_IDENTIFIER = chin.experimentUITests;
				PRODUCT_NAME = "$(TARGET_NAME)";
				SWIFT_VERSION = 5.0;
				TARGETED_DEVICE_FAMILY = "1,2";
				TEST_TARGET_NAME = experiment;
			};
			name = Release;
		};
/* End XCBuildConfiguration section */

/* Begin XCConfigurationList section */
		07A5B68024D1ABA90096325C /* Build configuration list for PBXProject "experiment" */ = {
			isa = XCConfigurationList;
			buildConfigurations = (
				07A5B6B024D1ABB00096325C /* Debug */,
				07A5B6B124D1ABB00096325C /* Release */,
			);
			defaultConfigurationIsVisible = 0;
			defaultConfigurationName = Release;
		};
		07A5B6B224D1ABB00096325C /* Build configuration list for PBXNativeTarget "experiment" */ = {
			isa = XCConfigurationList;
			buildConfigurations = (
				07A5B6B324D1ABB00096325C /* Debug */,
				07A5B6B424D1ABB00096325C /* Release */,
			);
			defaultConfigurationIsVisible = 0;
			defaultConfigurationName = Release;
		};
		07A5B6B524D1ABB00096325C /* Build configuration list for PBXNativeTarget "experimentTests" */ = {
			isa = XCConfigurationList;
			buildConfigurations = (
				07A5B6B624D1ABB00096325C /* Debug */,
				07A5B6B724D1ABB00096325C /* Release */,
			);
			defaultConfigurationIsVisible = 0;
			defaultConfigurationName = Release;
		};
		07A5B6B824D1ABB00096325C /* Build configuration list for PBXNativeTarget "experimentUITests" */ = {
			isa = XCConfigurationList;
			buildConfigurations = (
				07A5B6B924D1ABB00096325C /* Debug */,
				07A5B6BA24D1ABB00096325C /* Release */,
			);
			defaultConfigurationIsVisible = 0;
			defaultConfigurationName = Release;
		};
/* End XCConfigurationList section */

/* Begin XCVersionGroup section */
		07A5B69124D1ABAA0096325C /* experiment.xcdatamodeld */ = {
			isa = XCVersionGroup;
			children = (
				07A5B69224D1ABAA0096325C /* experiment.xcdatamodel */,
			);
			currentVersion = 07A5B69224D1ABAA0096325C /* experiment.xcdatamodel */;
			path = experiment.xcdatamodeld;
			sourceTree = "<group>";
			versionGroupType = wrapper.xcdatamodel;
		};
/* End XCVersionGroup section */
	};
	rootObject = 07A5B67D24D1ABA90096325C /* Project object */;
}
